{
  "pins" : [
    {
      "identity" : "swift-argument-parser",
      "kind" : "remoteSourceControl",
      "location" : "https://github.com/apple/swift-argument-parser",
      "state" : {
        "revision" : "41982a3656a71c768319979febd796c6fd111d5c",
        "version" : "1.5.0"
      }
    },
    {
      "identity" : "swift-log",
      "kind" : "remoteSourceControl",
      "location" : "https://github.com/apple/swift-log.git",
      "state" : {
        "revision" : "9cb486020ebf03bfa5b5df985387a14a98744537",
        "version" : "1.6.1"
      }
    },
    {
      "identity" : "swift-webster",
      "kind" : "remoteSourceControl",
      "location" : "https://github.com/aaronland/swift-webster",
      "state" : {
        "revision" : "c37f55928f2744fe57f0811dd57ba1190798f58a",
        "version" : "0.0.4"
      }
    }
  ],
  "version" : 2
}
