{
  "object": {
    "pins": [
      {
        "package": "swift-argument-parser",
        "repositoryURL": "https://github.com/apple/swift-argument-parser",
        "state": {
          "branch": null,
          "revision": "15351c1cd009eba0b6e438bfef55ea9847a8dc4a",
          "version": "0.3.0"
        }
      },
      {
        "package": "swift-log",
        "repositoryURL": "https://github.com/apple/swift-log.git",
        "state": {
          "branch": null,
          "revision": "173f567a2dfec11d74588eea82cecea555bdc0bc",
          "version": "1.4.0"
        }
      },
      {
        "package": "swift-webster",
        "repositoryURL": "https://github.com/aaronland/swift-webster",
        "state": {
          "branch": null,
          "revision": "92260f96d7aafc3d3edfc27e68f8e768b50989c6",
          "version": "0.0.1"
        }
      }
    ]
  },
  "version": 1
}
